
Microsoft Visual Studio Solution File, Format Version 12.00
# Visual Studio 15
VisualStudioVersion = 15.0.27130.2010
MinimumVisualStudioVersion = 10.0.40219.1
Project("{FAE04EC0-301F-11D3-BF4B-00C04F79EFBC}") = "PBL6b", "PBL6b\PBL6b.csproj", "{51A7E341-E6AA-4CF1-8972-E9044C4F8A0A}"
EndProject
Global
	GlobalSection(SolutionConfigurationPlatforms) = preSolution
		Debug|Any CPU = Debug|Any CPU
		Release|Any CPU = Release|Any CPU
	EndGlobalSection
	GlobalSection(ProjectConfigurationPlatforms) = postSolution
		{51A7E341-E6AA-4CF1-8972-E9044C4F8A0A}.Debug|Any CPU.ActiveCfg = Debug|Any CPU
		{51A7E341-E6AA-4CF1-8972-E9044C4F8A0A}.Debug|Any CPU.Build.0 = Debug|Any CPU
		{51A7E341-E6AA-4CF1-8972-E9044C4F8A0A}.Release|Any CPU.ActiveCfg = Release|Any CPU
		{51A7E341-E6AA-4CF1-8972-E9044C4F8A0A}.Release|Any CPU.Build.0 = Release|Any CPU
	EndGlobalSection
	GlobalSection(SolutionProperties) = preSolution
		HideSolutionNode = FALSE
	EndGlobalSection
	GlobalSection(ExtensibilityGlobals) = postSolution
		SolutionGuid = {FB98F0B1-7CC8-4728-B292-92478D748DA3}
	EndGlobalSection
EndGlobal
